
Microsoft Visual Studio Solution File, Format Version 12.00
# Visual Studio Version 17
VisualStudioVersion = 17.7.34202.233
MinimumVisualStudioVersion = 10.0.40219.1
Project("{8BC9CEB8-8B4A-11D0-8D11-00A0C91BC942}") = "PR 6.1 rec", "PR 6.1 rec\PR 6.1 rec.vcxproj", "{77C68D50-87E6-4191-B97F-BB6017EBA39E}"
EndProject
Project("{8BC9CEB8-8B4A-11D0-8D11-00A0C91BC942}") = "UnitTest1", "UnitTest1\UnitTest1.vcxproj", "{D5682590-1C13-4105-A72F-91E435F790E0}"
EndProject
Global
	GlobalSection(SolutionConfigurationPlatforms) = preSolution
		Debug|x64 = Debug|x64
		Debug|x86 = Debug|x86
		Release|x64 = Release|x64
		Release|x86 = Release|x86
	EndGlobalSection
	GlobalSection(ProjectConfigurationPlatforms) = postSolution
		{77C68D50-87E6-4191-B97F-BB6017EBA39E}.Debug|x64.ActiveCfg = Debug|x64
		{77C68D50-87E6-4191-B97F-BB6017EBA39E}.Debug|x64.Build.0 = Debug|x64
		{77C68D50-87E6-4191-B97F-BB6017EBA39E}.Debug|x86.ActiveCfg = Debug|Win32
		{77C68D50-87E6-4191-B97F-BB6017EBA39E}.Debug|x86.Build.0 = Debug|Win32
		{77C68D50-87E6-4191-B97F-BB6017EBA39E}.Release|x64.ActiveCfg = Release|x64
		{77C68D50-87E6-4191-B97F-BB6017EBA39E}.Release|x64.Build.0 = Release|x64
		{77C68D50-87E6-4191-B97F-BB6017EBA39E}.Release|x86.ActiveCfg = Release|Win32
		{77C68D50-87E6-4191-B97F-BB6017EBA39E}.Release|x86.Build.0 = Release|Win32
		{D5682590-1C13-4105-A72F-91E435F790E0}.Debug|x64.ActiveCfg = Debug|x64
		{D5682590-1C13-4105-A72F-91E435F790E0}.Debug|x64.Build.0 = Debug|x64
		{D5682590-1C13-4105-A72F-91E435F790E0}.Debug|x86.ActiveCfg = Debug|Win32
		{D5682590-1C13-4105-A72F-91E435F790E0}.Debug|x86.Build.0 = Debug|Win32
		{D5682590-1C13-4105-A72F-91E435F790E0}.Release|x64.ActiveCfg = Release|x64
		{D5682590-1C13-4105-A72F-91E435F790E0}.Release|x64.Build.0 = Release|x64
		{D5682590-1C13-4105-A72F-91E435F790E0}.Release|x86.ActiveCfg = Release|Win32
		{D5682590-1C13-4105-A72F-91E435F790E0}.Release|x86.Build.0 = Release|Win32
	EndGlobalSection
	GlobalSection(SolutionProperties) = preSolution
		HideSolutionNode = FALSE
	EndGlobalSection
	GlobalSection(ExtensibilityGlobals) = postSolution
		SolutionGuid = {0BA530F8-4245-40C8-85EB-45EE07388653}
	EndGlobalSection
EndGlobal
